
Microsoft Visual Studio Solution File, Format Version 12.00
# Visual Studio 2012
Project("{FAE04EC0-301F-11D3-BF4B-00C04F79EFBC}") = "PBDotNetInterface", "PBDotNet\PBDotNetInterface.csproj", "{629C0D80-A42C-427B-B19C-15D051DFDDC0}"
EndProject
Project("{FAE04EC0-301F-11D3-BF4B-00C04F79EFBC}") = "TestApp", "TestApp\TestApp.csproj", "{D9E39E41-10C2-4294-A8D2-A6FDE3FCAB40}"
EndProject
Global
	GlobalSection(SolutionConfigurationPlatforms) = preSolution
		Debug|Any CPU = Debug|Any CPU
		Release|Any CPU = Release|Any CPU
	EndGlobalSection
	GlobalSection(ProjectConfigurationPlatforms) = postSolution
		{629C0D80-A42C-427B-B19C-15D051DFDDC0}.Debug|Any CPU.ActiveCfg = Debug|Any CPU
		{629C0D80-A42C-427B-B19C-15D051DFDDC0}.Debug|Any CPU.Build.0 = Debug|Any CPU
		{629C0D80-A42C-427B-B19C-15D051DFDDC0}.Release|Any CPU.ActiveCfg = Release|Any CPU
		{629C0D80-A42C-427B-B19C-15D051DFDDC0}.Release|Any CPU.Build.0 = Release|Any CPU
		{D9E39E41-10C2-4294-A8D2-A6FDE3FCAB40}.Debug|Any CPU.ActiveCfg = Debug|Any CPU
		{D9E39E41-10C2-4294-A8D2-A6FDE3FCAB40}.Debug|Any CPU.Build.0 = Debug|Any CPU
		{D9E39E41-10C2-4294-A8D2-A6FDE3FCAB40}.Release|Any CPU.ActiveCfg = Release|Any CPU
		{D9E39E41-10C2-4294-A8D2-A6FDE3FCAB40}.Release|Any CPU.Build.0 = Release|Any CPU
	EndGlobalSection
	GlobalSection(SolutionProperties) = preSolution
		HideSolutionNode = FALSE
	EndGlobalSection
EndGlobal
